
Microsoft Visual Studio Solution File, Format Version 12.00
# Visual Studio Version 17
VisualStudioVersion = 17.2.32519.379
MinimumVisualStudioVersion = 10.0.40219.1
Project("{FAE04EC0-301F-11D3-BF4B-00C04F79EFBC}") = "pryBlaiottaIE", "pryBlaiottaIE\pryBlaiottaIE.csproj", "{B9665B7B-24C6-44A6-821A-81206E5A2527}"
EndProject
Global
	GlobalSection(SolutionConfigurationPlatforms) = preSolution
		Debug|Any CPU = Debug|Any CPU
		Release|Any CPU = Release|Any CPU
	EndGlobalSection
	GlobalSection(ProjectConfigurationPlatforms) = postSolution
		{B9665B7B-24C6-44A6-821A-81206E5A2527}.Debug|Any CPU.ActiveCfg = Debug|Any CPU
		{B9665B7B-24C6-44A6-821A-81206E5A2527}.Debug|Any CPU.Build.0 = Debug|Any CPU
		{B9665B7B-24C6-44A6-821A-81206E5A2527}.Release|Any CPU.ActiveCfg = Release|Any CPU
		{B9665B7B-24C6-44A6-821A-81206E5A2527}.Release|Any CPU.Build.0 = Release|Any CPU
	EndGlobalSection
	GlobalSection(SolutionProperties) = preSolution
		HideSolutionNode = FALSE
	EndGlobalSection
	GlobalSection(ExtensibilityGlobals) = postSolution
		SolutionGuid = {B6C5FD20-58DE-4361-9821-1812A5FFE4DB}
	EndGlobalSection
EndGlobal
